
Microsoft Visual Studio Solution File, Format Version 12.00
# Visual Studio Version 17
VisualStudioVersion = 17.12.35728.132
MinimumVisualStudioVersion = 10.0.40219.1
Project("{2150E333-8FDC-42A3-9474-1A3956D46DE8}") = "Front", "Front", "{BBDF22BA-06C4-43A2-AFE3-37915AB54145}"
EndProject
Project("{2150E333-8FDC-42A3-9474-1A3956D46DE8}") = "Services", "Services", "{0299946D-A0CD-46F9-9B39-AA651CD42706}"
EndProject
Project("{FAE04EC0-301F-11D3-BF4B-00C04F79EFBC}") = "AulaMSFront", "AulaMSFront\AulaMSFront.csproj", "{DA3D073A-316D-4B9F-B64B-76C721BF9172}"
EndProject
Project("{FAE04EC0-301F-11D3-BF4B-00C04F79EFBC}") = "ProductApi", "ProductApi\ProductApi.csproj", "{01A29BC7-F515-48DD-AB0E-61F9D5D6FF63}"
EndProject
Project("{FAE04EC0-301F-11D3-BF4B-00C04F79EFBC}") = "CarrinhoApi", "CarrinhoApi\CarrinhoApi.csproj", "{87C961F8-E5EE-4380-A40F-E987650BC45B}"
EndProject
Global
	GlobalSection(SolutionConfigurationPlatforms) = preSolution
		Debug|Any CPU = Debug|Any CPU
		Release|Any CPU = Release|Any CPU
	EndGlobalSection
	GlobalSection(ProjectConfigurationPlatforms) = postSolution
		{DA3D073A-316D-4B9F-B64B-76C721BF9172}.Debug|Any CPU.ActiveCfg = Debug|Any CPU
		{DA3D073A-316D-4B9F-B64B-76C721BF9172}.Debug|Any CPU.Build.0 = Debug|Any CPU
		{DA3D073A-316D-4B9F-B64B-76C721BF9172}.Release|Any CPU.ActiveCfg = Release|Any CPU
		{DA3D073A-316D-4B9F-B64B-76C721BF9172}.Release|Any CPU.Build.0 = Release|Any CPU
		{01A29BC7-F515-48DD-AB0E-61F9D5D6FF63}.Debug|Any CPU.ActiveCfg = Debug|Any CPU
		{01A29BC7-F515-48DD-AB0E-61F9D5D6FF63}.Debug|Any CPU.Build.0 = Debug|Any CPU
		{01A29BC7-F515-48DD-AB0E-61F9D5D6FF63}.Release|Any CPU.ActiveCfg = Release|Any CPU
		{01A29BC7-F515-48DD-AB0E-61F9D5D6FF63}.Release|Any CPU.Build.0 = Release|Any CPU
		{87C961F8-E5EE-4380-A40F-E987650BC45B}.Debug|Any CPU.ActiveCfg = Debug|Any CPU
		{87C961F8-E5EE-4380-A40F-E987650BC45B}.Debug|Any CPU.Build.0 = Debug|Any CPU
		{87C961F8-E5EE-4380-A40F-E987650BC45B}.Release|Any CPU.ActiveCfg = Release|Any CPU
		{87C961F8-E5EE-4380-A40F-E987650BC45B}.Release|Any CPU.Build.0 = Release|Any CPU
	EndGlobalSection
	GlobalSection(SolutionProperties) = preSolution
		HideSolutionNode = FALSE
	EndGlobalSection
	GlobalSection(NestedProjects) = preSolution
		{DA3D073A-316D-4B9F-B64B-76C721BF9172} = {BBDF22BA-06C4-43A2-AFE3-37915AB54145}
		{01A29BC7-F515-48DD-AB0E-61F9D5D6FF63} = {0299946D-A0CD-46F9-9B39-AA651CD42706}
		{87C961F8-E5EE-4380-A40F-E987650BC45B} = {0299946D-A0CD-46F9-9B39-AA651CD42706}
	EndGlobalSection
	GlobalSection(ExtensibilityGlobals) = postSolution
		SolutionGuid = {3DDA8F3C-FE71-4EBA-980E-95F7605893B8}
	EndGlobalSection
EndGlobal
